
Microsoft Visual Studio Solution File, Format Version 12.00
# Visual Studio Version 16
VisualStudioVersion = 16.0.30621.155
MinimumVisualStudioVersion = 10.0.40219.1
Project("{9A19103F-16F7-4668-BE54-9A1E7A4F7556}") = "AngelApp", "AngelApp.csproj", "{70DD12B1-F837-403D-97F6-07DFBD5B089A}"
EndProject
Project("{2150E333-8FDC-42A3-9474-1A3956D46DE8}") = "Solution Items", "Solution Items", "{02690C43-5D76-4D33-B90C-6197F8A2F19A}"
	ProjectSection(SolutionItems) = preProject
		web.config = web.config
	EndProjectSection
EndProject
Global
	GlobalSection(SolutionConfigurationPlatforms) = preSolution
		Debug|Any CPU = Debug|Any CPU
		Release|Any CPU = Release|Any CPU
	EndGlobalSection
	GlobalSection(ProjectConfigurationPlatforms) = postSolution
		{70DD12B1-F837-403D-97F6-07DFBD5B089A}.Debug|Any CPU.ActiveCfg = Debug|Any CPU
		{70DD12B1-F837-403D-97F6-07DFBD5B089A}.Debug|Any CPU.Build.0 = Debug|Any CPU
		{70DD12B1-F837-403D-97F6-07DFBD5B089A}.Release|Any CPU.ActiveCfg = Release|Any CPU
		{70DD12B1-F837-403D-97F6-07DFBD5B089A}.Release|Any CPU.Build.0 = Release|Any CPU
	EndGlobalSection
	GlobalSection(SolutionProperties) = preSolution
		HideSolutionNode = FALSE
	EndGlobalSection
	GlobalSection(ExtensibilityGlobals) = postSolution
		SolutionGuid = {79CE50A5-2070-446B-881D-AFC7658601CD}
	EndGlobalSection
EndGlobal
